
Microsoft Visual Studio Solution File, Format Version 12.00
# Visual Studio Version 17
VisualStudioVersion = 17.12.35707.178
MinimumVisualStudioVersion = 10.0.40219.1
Project("{FAE04EC0-301F-11D3-BF4B-00C04F79EFBC}") = "DevOpsProject.CommunicationControl.API", "DevOpsProject\DevOpsProject.CommunicationControl.API.csproj", "{BB9B9EA1-0281-4242-9344-07DFF6A20574}"
EndProject
Project("{FAE04EC0-301F-11D3-BF4B-00C04F79EFBC}") = "DevOpsProject.CommunicationControl.Logic", "DevOpsProject.CommunicationControl.Logic\DevOpsProject.CommunicationControl.Logic.csproj", "{5B279B4B-5842-413A-8E76-158C7472F45D}"
EndProject
Project("{FAE04EC0-301F-11D3-BF4B-00C04F79EFBC}") = "DevOpsProject.Shared", "DevOpsProject.Shared\DevOpsProject.Shared.csproj", "{7C98DF1D-D8B9-4DC5-A0AB-723FE2E658BE}"
EndProject
Project("{FAE04EC0-301F-11D3-BF4B-00C04F79EFBC}") = "DevOpsProject.Example.MessageListener", "DevOpsProject.Example.MessageListener\DevOpsProject.Example.MessageListener.csproj", "{CBB302CE-D22A-4DA0-8811-E4F8FDFC1C4B}"
EndProject
Project("{FAE04EC0-301F-11D3-BF4B-00C04F79EFBC}") = "DevOpsProject.HiveMind.API", "DevOpsProject.HiveMind.API\DevOpsProject.HiveMind.API.csproj", "{65F5C602-86C3-4653-B3B4-326FC2D01B8D}"
EndProject
Project("{FAE04EC0-301F-11D3-BF4B-00C04F79EFBC}") = "DevOpsProject.HiveMind.Logic", "DevOpsProject.HiveMind.Logic\DevOpsProject.HiveMind.Logic.csproj", "{83D3A1EA-64FE-407C-AB3A-A35CC2C9F8EE}"
EndProject
Project("{FAE04EC0-301F-11D3-BF4B-00C04F79EFBC}") = "DevOpsProject.Tests", "DevOpsProject.Tests\DevOpsProject.Tests.csproj", "{58774673-A48A-48DA-8A80-383770A10E63}"
EndProject
Global
	GlobalSection(SolutionConfigurationPlatforms) = preSolution
		Debug|Any CPU = Debug|Any CPU
		Debug|x64 = Debug|x64
		Debug|x86 = Debug|x86
		Release|Any CPU = Release|Any CPU
		Release|x64 = Release|x64
		Release|x86 = Release|x86
	EndGlobalSection
	GlobalSection(ProjectConfigurationPlatforms) = postSolution
		{BB9B9EA1-0281-4242-9344-07DFF6A20574}.Debug|Any CPU.ActiveCfg = Debug|Any CPU
		{BB9B9EA1-0281-4242-9344-07DFF6A20574}.Debug|Any CPU.Build.0 = Debug|Any CPU
		{BB9B9EA1-0281-4242-9344-07DFF6A20574}.Debug|x64.ActiveCfg = Debug|Any CPU
		{BB9B9EA1-0281-4242-9344-07DFF6A20574}.Debug|x64.Build.0 = Debug|Any CPU
		{BB9B9EA1-0281-4242-9344-07DFF6A20574}.Debug|x86.ActiveCfg = Debug|Any CPU
		{BB9B9EA1-0281-4242-9344-07DFF6A20574}.Debug|x86.Build.0 = Debug|Any CPU
		{BB9B9EA1-0281-4242-9344-07DFF6A20574}.Release|Any CPU.ActiveCfg = Release|Any CPU
		{BB9B9EA1-0281-4242-9344-07DFF6A20574}.Release|Any CPU.Build.0 = Release|Any CPU
		{BB9B9EA1-0281-4242-9344-07DFF6A20574}.Release|x64.ActiveCfg = Release|Any CPU
		{BB9B9EA1-0281-4242-9344-07DFF6A20574}.Release|x64.Build.0 = Release|Any CPU
		{BB9B9EA1-0281-4242-9344-07DFF6A20574}.Release|x86.ActiveCfg = Release|Any CPU
		{BB9B9EA1-0281-4242-9344-07DFF6A20574}.Release|x86.Build.0 = Release|Any CPU
		{5B279B4B-5842-413A-8E76-158C7472F45D}.Debug|Any CPU.ActiveCfg = Debug|Any CPU
		{5B279B4B-5842-413A-8E76-158C7472F45D}.Debug|Any CPU.Build.0 = Debug|Any CPU
		{5B279B4B-5842-413A-8E76-158C7472F45D}.Debug|x64.ActiveCfg = Debug|Any CPU
		{5B279B4B-5842-413A-8E76-158C7472F45D}.Debug|x64.Build.0 = Debug|Any CPU
		{5B279B4B-5842-413A-8E76-158C7472F45D}.Debug|x86.ActiveCfg = Debug|Any CPU
		{5B279B4B-5842-413A-8E76-158C7472F45D}.Debug|x86.Build.0 = Debug|Any CPU
		{5B279B4B-5842-413A-8E76-158C7472F45D}.Release|Any CPU.ActiveCfg = Release|Any CPU
		{5B279B4B-5842-413A-8E76-158C7472F45D}.Release|Any CPU.Build.0 = Release|Any CPU
		{5B279B4B-5842-413A-8E76-158C7472F45D}.Release|x64.ActiveCfg = Release|Any CPU
		{5B279B4B-5842-413A-8E76-158C7472F45D}.Release|x64.Build.0 = Release|Any CPU
		{5B279B4B-5842-413A-8E76-158C7472F45D}.Release|x86.ActiveCfg = Release|Any CPU
		{5B279B4B-5842-413A-8E76-158C7472F45D}.Release|x86.Build.0 = Release|Any CPU
		{7C98DF1D-D8B9-4DC5-A0AB-723FE2E658BE}.Debug|Any CPU.ActiveCfg = Debug|Any CPU
		{7C98DF1D-D8B9-4DC5-A0AB-723FE2E658BE}.Debug|Any CPU.Build.0 = Debug|Any CPU
		{7C98DF1D-D8B9-4DC5-A0AB-723FE2E658BE}.Debug|x64.ActiveCfg = Debug|Any CPU
		{7C98DF1D-D8B9-4DC5-A0AB-723FE2E658BE}.Debug|x64.Build.0 = Debug|Any CPU
		{7C98DF1D-D8B9-4DC5-A0AB-723FE2E658BE}.Debug|x86.ActiveCfg = Debug|Any CPU
		{7C98DF1D-D8B9-4DC5-A0AB-723FE2E658BE}.Debug|x86.Build.0 = Debug|Any CPU
		{7C98DF1D-D8B9-4DC5-A0AB-723FE2E658BE}.Release|Any CPU.ActiveCfg = Release|Any CPU
		{7C98DF1D-D8B9-4DC5-A0AB-723FE2E658BE}.Release|Any CPU.Build.0 = Release|Any CPU
		{7C98DF1D-D8B9-4DC5-A0AB-723FE2E658BE}.Release|x64.ActiveCfg = Release|Any CPU
		{7C98DF1D-D8B9-4DC5-A0AB-723FE2E658BE}.Release|x64.Build.0 = Release|Any CPU
		{7C98DF1D-D8B9-4DC5-A0AB-723FE2E658BE}.Release|x86.ActiveCfg = Release|Any CPU
		{7C98DF1D-D8B9-4DC5-A0AB-723FE2E658BE}.Release|x86.Build.0 = Release|Any CPU
		{CBB302CE-D22A-4DA0-8811-E4F8FDFC1C4B}.Debug|Any CPU.ActiveCfg = Debug|Any CPU
		{CBB302CE-D22A-4DA0-8811-E4F8FDFC1C4B}.Debug|Any CPU.Build.0 = Debug|Any CPU
		{CBB302CE-D22A-4DA0-8811-E4F8FDFC1C4B}.Debug|x64.ActiveCfg = Debug|Any CPU
		{CBB302CE-D22A-4DA0-8811-E4F8FDFC1C4B}.Debug|x64.Build.0 = Debug|Any CPU
		{CBB302CE-D22A-4DA0-8811-E4F8FDFC1C4B}.Debug|x86.ActiveCfg = Debug|Any CPU
		{CBB302CE-D22A-4DA0-8811-E4F8FDFC1C4B}.Debug|x86.Build.0 = Debug|Any CPU
		{CBB302CE-D22A-4DA0-8811-E4F8FDFC1C4B}.Release|Any CPU.ActiveCfg = Release|Any CPU
		{CBB302CE-D22A-4DA0-8811-E4F8FDFC1C4B}.Release|Any CPU.Build.0 = Release|Any CPU
		{CBB302CE-D22A-4DA0-8811-E4F8FDFC1C4B}.Release|x64.ActiveCfg = Release|Any CPU
		{CBB302CE-D22A-4DA0-8811-E4F8FDFC1C4B}.Release|x64.Build.0 = Release|Any CPU
		{CBB302CE-D22A-4DA0-8811-E4F8FDFC1C4B}.Release|x86.ActiveCfg = Release|Any CPU
		{CBB302CE-D22A-4DA0-8811-E4F8FDFC1C4B}.Release|x86.Build.0 = Release|Any CPU
		{65F5C602-86C3-4653-B3B4-326FC2D01B8D}.Debug|Any CPU.ActiveCfg = Debug|Any CPU
		{65F5C602-86C3-4653-B3B4-326FC2D01B8D}.Debug|Any CPU.Build.0 = Debug|Any CPU
		{65F5C602-86C3-4653-B3B4-326FC2D01B8D}.Debug|x64.ActiveCfg = Debug|Any CPU
		{65F5C602-86C3-4653-B3B4-326FC2D01B8D}.Debug|x64.Build.0 = Debug|Any CPU
		{65F5C602-86C3-4653-B3B4-326FC2D01B8D}.Debug|x86.ActiveCfg = Debug|Any CPU
		{65F5C602-86C3-4653-B3B4-326FC2D01B8D}.Debug|x86.Build.0 = Debug|Any CPU
		{65F5C602-86C3-4653-B3B4-326FC2D01B8D}.Release|Any CPU.ActiveCfg = Release|Any CPU
		{65F5C602-86C3-4653-B3B4-326FC2D01B8D}.Release|Any CPU.Build.0 = Release|Any CPU
		{65F5C602-86C3-4653-B3B4-326FC2D01B8D}.Release|x64.ActiveCfg = Release|Any CPU
		{65F5C602-86C3-4653-B3B4-326FC2D01B8D}.Release|x64.Build.0 = Release|Any CPU
		{65F5C602-86C3-4653-B3B4-326FC2D01B8D}.Release|x86.ActiveCfg = Release|Any CPU
		{65F5C602-86C3-4653-B3B4-326FC2D01B8D}.Release|x86.Build.0 = Release|Any CPU
		{83D3A1EA-64FE-407C-AB3A-A35CC2C9F8EE}.Debug|Any CPU.ActiveCfg = Debug|Any CPU
		{83D3A1EA-64FE-407C-AB3A-A35CC2C9F8EE}.Debug|Any CPU.Build.0 = Debug|Any CPU
		{83D3A1EA-64FE-407C-AB3A-A35CC2C9F8EE}.Debug|x64.ActiveCfg = Debug|Any CPU
		{83D3A1EA-64FE-407C-AB3A-A35CC2C9F8EE}.Debug|x64.Build.0 = Debug|Any CPU
		{83D3A1EA-64FE-407C-AB3A-A35CC2C9F8EE}.Debug|x86.ActiveCfg = Debug|Any CPU
		{83D3A1EA-64FE-407C-AB3A-A35CC2C9F8EE}.Debug|x86.Build.0 = Debug|Any CPU
		{83D3A1EA-64FE-407C-AB3A-A35CC2C9F8EE}.Release|Any CPU.ActiveCfg = Release|Any CPU
		{83D3A1EA-64FE-407C-AB3A-A35CC2C9F8EE}.Release|Any CPU.Build.0 = Release|Any CPU
		{83D3A1EA-64FE-407C-AB3A-A35CC2C9F8EE}.Release|x64.ActiveCfg = Release|Any CPU
		{83D3A1EA-64FE-407C-AB3A-A35CC2C9F8EE}.Release|x64.Build.0 = Release|Any CPU
		{83D3A1EA-64FE-407C-AB3A-A35CC2C9F8EE}.Release|x86.ActiveCfg = Release|Any CPU
		{83D3A1EA-64FE-407C-AB3A-A35CC2C9F8EE}.Release|x86.Build.0 = Release|Any CPU
		{58774673-A48A-48DA-8A80-383770A10E63}.Debug|Any CPU.ActiveCfg = Debug|Any CPU
		{58774673-A48A-48DA-8A80-383770A10E63}.Debug|Any CPU.Build.0 = Debug|Any CPU
		{58774673-A48A-48DA-8A80-383770A10E63}.Debug|x64.ActiveCfg = Debug|Any CPU
		{58774673-A48A-48DA-8A80-383770A10E63}.Debug|x64.Build.0 = Debug|Any CPU
		{58774673-A48A-48DA-8A80-383770A10E63}.Debug|x86.ActiveCfg = Debug|Any CPU
		{58774673-A48A-48DA-8A80-383770A10E63}.Debug|x86.Build.0 = Debug|Any CPU
		{58774673-A48A-48DA-8A80-383770A10E63}.Release|Any CPU.ActiveCfg = Release|Any CPU
		{58774673-A48A-48DA-8A80-383770A10E63}.Release|Any CPU.Build.0 = Release|Any CPU
		{58774673-A48A-48DA-8A80-383770A10E63}.Release|x64.ActiveCfg = Release|Any CPU
		{58774673-A48A-48DA-8A80-383770A10E63}.Release|x64.Build.0 = Release|Any CPU
		{58774673-A48A-48DA-8A80-383770A10E63}.Release|x86.ActiveCfg = Release|Any CPU
		{58774673-A48A-48DA-8A80-383770A10E63}.Release|x86.Build.0 = Release|Any CPU
	EndGlobalSection
	GlobalSection(SolutionProperties) = preSolution
		HideSolutionNode = FALSE
	EndGlobalSection
EndGlobal
